
Microsoft Visual Studio Solution File, Format Version 12.00
# Visual Studio Version 17
VisualStudioVersion = 17.5.002.0
MinimumVisualStudioVersion = 10.0.40219.1
Project("{9A19103F-16F7-4668-BE54-9A1E7A4F7556}") = "Try-Catch", "Try-Catch.csproj", "{B48C1C5D-94B5-4AC0-A0CB-7DBF9E5B3A4B}"
EndProject
Global
	GlobalSection(SolutionConfigurationPlatforms) = preSolution
		Debug|Any CPU = Debug|Any CPU
		Release|Any CPU = Release|Any CPU
	EndGlobalSection
	GlobalSection(ProjectConfigurationPlatforms) = postSolution
		{B48C1C5D-94B5-4AC0-A0CB-7DBF9E5B3A4B}.Debug|Any CPU.ActiveCfg = Debug|Any CPU
		{B48C1C5D-94B5-4AC0-A0CB-7DBF9E5B3A4B}.Debug|Any CPU.Build.0 = Debug|Any CPU
		{B48C1C5D-94B5-4AC0-A0CB-7DBF9E5B3A4B}.Release|Any CPU.ActiveCfg = Release|Any CPU
		{B48C1C5D-94B5-4AC0-A0CB-7DBF9E5B3A4B}.Release|Any CPU.Build.0 = Release|Any CPU
	EndGlobalSection
	GlobalSection(SolutionProperties) = preSolution
		HideSolutionNode = FALSE
	EndGlobalSection
	GlobalSection(ExtensibilityGlobals) = postSolution
		SolutionGuid = {6A5769C3-25E2-4E04-95C2-A8B586F225CD}
	EndGlobalSection
EndGlobal
